// !$*UTF8*$!
{
	archiveVersion = 1;
	classes = {
	};
	objectVersion = 48;
	objects = {

/* Begin PBXBuildFile section */
		9C0040871F851EA1009B985E /* Injectable.swift in Sources */ = {isa = PBXBuildFile; fileRef = 9C0040861F851EA1009B985E /* Injectable.swift */; };
		9C6B5F811F62F4980059EB36 /* AppDelegate.swift in Sources */ = {isa = PBXBuildFile; fileRef = 9C6B5F801F62F4980059EB36 /* AppDelegate.swift */; };
		9C6B5F831F62F4980059EB36 /* MainViewController.swift in Sources */ = {isa = PBXBuildFile; fileRef = 9C6B5F821F62F4980059EB36 /* MainViewController.swift */; };
		9C6B5F861F62F4980059EB36 /* Main.storyboard in Resources */ = {isa = PBXBuildFile; fileRef = 9C6B5F841F62F4980059EB36 /* Main.storyboard */; };
		9C6B5F891F62F4980059EB36 /* iOSTemplateApp.xcdatamodeld in Sources */ = {isa = PBXBuildFile; fileRef = 9C6B5F871F62F4980059EB36 /* iOSTemplateApp.xcdatamodeld */; };
		9C6B5F8B1F62F4980059EB36 /* Assets.xcassets in Resources */ = {isa = PBXBuildFile; fileRef = 9C6B5F8A1F62F4980059EB36 /* Assets.xcassets */; };
		9C6B5F8E1F62F4980059EB36 /* LaunchScreen.storyboard in Resources */ = {isa = PBXBuildFile; fileRef = 9C6B5F8C1F62F4980059EB36 /* LaunchScreen.storyboard */; };
		9C6B5F991F62F4990059EB36 /* iOSTemplateAppTests.swift in Sources */ = {isa = PBXBuildFile; fileRef = 9C6B5F981F62F4990059EB36 /* iOSTemplateAppTests.swift */; };
		9C6B5FA41F62F4990059EB36 /* iOSTemplateAppUITests.swift in Sources */ = {isa = PBXBuildFile; fileRef = 9C6B5FA31F62F4990059EB36 /* iOSTemplateAppUITests.swift */; };
		9C70D79E1F62F57C00FD788C /* MainViewModel.swift in Sources */ = {isa = PBXBuildFile; fileRef = 9C70D79D1F62F57C00FD788C /* MainViewModel.swift */; };
		9C70D7A01F62F5C800FD788C /* Observable.swift in Sources */ = {isa = PBXBuildFile; fileRef = 9C70D79F1F62F5C800FD788C /* Observable.swift */; };
		9C70D7A71F62F97A00FD788C /* ExampleGetConfiguration.swift in Sources */ = {isa = PBXBuildFile; fileRef = 9C70D7A61F62F97A00FD788C /* ExampleGetConfiguration.swift */; };
		9C70D7A81F62FA1500FD788C /* WebServiceConfiguration.swift in Sources */ = {isa = PBXBuildFile; fileRef = 9C6B5FB61F62F4C50059EB36 /* WebServiceConfiguration.swift */; };
		9C70D7AC1F62FE3E00FD788C /* MainTableViewCell.swift in Sources */ = {isa = PBXBuildFile; fileRef = 9C70D7AB1F62FE3E00FD788C /* MainTableViewCell.swift */; };
		9CBD98451F853B7300EA9C93 /* MainTabModule.swift in Sources */ = {isa = PBXBuildFile; fileRef = 9CBD98441F853B7300EA9C93 /* MainTabModule.swift */; };
		9CBD98471F853ECB00EA9C93 /* SecondViewModel.swift in Sources */ = {isa = PBXBuildFile; fileRef = 9CBD98461F853ECB00EA9C93 /* SecondViewModel.swift */; };
		9CC932BF1F77CEAC004254E6 /* MainTabCoordinator.swift in Sources */ = {isa = PBXBuildFile; fileRef = 9CC932BE1F77CEAC004254E6 /* MainTabCoordinator.swift */; };
		9CC932C11F77D0F9004254E6 /* AppCoordinator.swift in Sources */ = {isa = PBXBuildFile; fileRef = 9CC932C01F77D0F9004254E6 /* AppCoordinator.swift */; };
		9CC932C41F77D12D004254E6 /* CoordinatorProtocol.swift in Sources */ = {isa = PBXBuildFile; fileRef = 9CC932C31F77D12D004254E6 /* CoordinatorProtocol.swift */; };
		9CC932C81F77D4F4004254E6 /* Storyboard+Extensions.swift in Sources */ = {isa = PBXBuildFile; fileRef = 9CC932C71F77D4F4004254E6 /* Storyboard+Extensions.swift */; };
		9CC932CB1F77DC5F004254E6 /* SecondViewController.swift in Sources */ = {isa = PBXBuildFile; fileRef = 9CC932CA1F77DC5F004254E6 /* SecondViewController.swift */; };
		9CC9330F1F7813C8004254E6 /* TabCoordinator.swift in Sources */ = {isa = PBXBuildFile; fileRef = 9CC9330E1F7813C8004254E6 /* TabCoordinator.swift */; };
		9CC933121F781A77004254E6 /* Purchase.storyboard in Resources */ = {isa = PBXBuildFile; fileRef = 9CC933111F781A77004254E6 /* Purchase.storyboard */; };
		9CC933151F781A9D004254E6 /* SelectItemViewModel.swift in Sources */ = {isa = PBXBuildFile; fileRef = 9CC933141F781A9D004254E6 /* SelectItemViewModel.swift */; };
		9CC933171F781AA4004254E6 /* SelectItemViewController.swift in Sources */ = {isa = PBXBuildFile; fileRef = 9CC933161F781AA4004254E6 /* SelectItemViewController.swift */; };
		9CC933191F781ADE004254E6 /* PurchaseTabCoordinator.swift in Sources */ = {isa = PBXBuildFile; fileRef = 9CC933181F781ADE004254E6 /* PurchaseTabCoordinator.swift */; };
/* End PBXBuildFile section */

/* Begin PBXContainerItemProxy section */
		9C6B5F951F62F4980059EB36 /* PBXContainerItemProxy */ = {
			isa = PBXContainerItemProxy;
			containerPortal = 9C6B5F751F62F4980059EB36 /* Project object */;
			proxyType = 1;
			remoteGlobalIDString = 9C6B5F7C1F62F4980059EB36;
			remoteInfo = iOSTemplateApp;
		};
		9C6B5FA01F62F4990059EB36 /* PBXContainerItemProxy */ = {
			isa = PBXContainerItemProxy;
			containerPortal = 9C6B5F751F62F4980059EB36 /* Project object */;
			proxyType = 1;
			remoteGlobalIDString = 9C6B5F7C1F62F4980059EB36;
			remoteInfo = iOSTemplateApp;
		};
/* End PBXContainerItemProxy section */

/* Begin PBXFileReference section */
		9C0040861F851EA1009B985E /* Injectable.swift */ = {isa = PBXFileReference; lastKnownFileType = sourcecode.swift; path = Injectable.swift; sourceTree = "<group>"; };
		9C6B5F7D1F62F4980059EB36 /* iOSTemplateApp.app */ = {isa = PBXFileReference; explicitFileType = wrapper.application; includeInIndex = 0; path = iOSTemplateApp.app; sourceTree = BUILT_PRODUCTS_DIR; };
		9C6B5F801F62F4980059EB36 /* AppDelegate.swift */ = {isa = PBXFileReference; lastKnownFileType = sourcecode.swift; path = AppDelegate.swift; sourceTree = "<group>"; };
		9C6B5F821F62F4980059EB36 /* MainViewController.swift */ = {isa = PBXFileReference; lastKnownFileType = sourcecode.swift; path = MainViewController.swift; sourceTree = "<group>"; };
		9C6B5F851F62F4980059EB36 /* Base */ = {isa = PBXFileReference; lastKnownFileType = file.storyboard; name = Base; path = Base.lproj/Main.storyboard; sourceTree = "<group>"; };
		9C6B5F881F62F4980059EB36 /* iOSTemplateApp.xcdatamodel */ = {isa = PBXFileReference; lastKnownFileType = wrapper.xcdatamodel; path = iOSTemplateApp.xcdatamodel; sourceTree = "<group>"; };
		9C6B5F8A1F62F4980059EB36 /* Assets.xcassets */ = {isa = PBXFileReference; lastKnownFileType = folder.assetcatalog; path = Assets.xcassets; sourceTree = "<group>"; };
		9C6B5F8D1F62F4980059EB36 /* Base */ = {isa = PBXFileReference; lastKnownFileType = file.storyboard; name = Base; path = Base.lproj/LaunchScreen.storyboard; sourceTree = "<group>"; };
		9C6B5F941F62F4980059EB36 /* iOSTemplateAppTests.xctest */ = {isa = PBXFileReference; explicitFileType = wrapper.cfbundle; includeInIndex = 0; path = iOSTemplateAppTests.xctest; sourceTree = BUILT_PRODUCTS_DIR; };
		9C6B5F981F62F4990059EB36 /* iOSTemplateAppTests.swift */ = {isa = PBXFileReference; lastKnownFileType = sourcecode.swift; path = iOSTemplateAppTests.swift; sourceTree = "<group>"; };
		9C6B5F9A1F62F4990059EB36 /* Info.plist */ = {isa = PBXFileReference; lastKnownFileType = text.plist.xml; path = Info.plist; sourceTree = "<group>"; };
		9C6B5F9F1F62F4990059EB36 /* iOSTemplateAppUITests.xctest */ = {isa = PBXFileReference; explicitFileType = wrapper.cfbundle; includeInIndex = 0; path = iOSTemplateAppUITests.xctest; sourceTree = BUILT_PRODUCTS_DIR; };
		9C6B5FA31F62F4990059EB36 /* iOSTemplateAppUITests.swift */ = {isa = PBXFileReference; lastKnownFileType = sourcecode.swift; path = iOSTemplateAppUITests.swift; sourceTree = "<group>"; };
		9C6B5FA51F62F4990059EB36 /* Info.plist */ = {isa = PBXFileReference; lastKnownFileType = text.plist.xml; path = Info.plist; sourceTree = "<group>"; };
		9C6B5FB61F62F4C50059EB36 /* WebServiceConfiguration.swift */ = {isa = PBXFileReference; lastKnownFileType = sourcecode.swift; path = WebServiceConfiguration.swift; sourceTree = "<group>"; };
		9C70D79D1F62F57C00FD788C /* MainViewModel.swift */ = {isa = PBXFileReference; lastKnownFileType = sourcecode.swift; path = MainViewModel.swift; sourceTree = "<group>"; };
		9C70D79F1F62F5C800FD788C /* Observable.swift */ = {isa = PBXFileReference; lastKnownFileType = sourcecode.swift; name = Observable.swift; path = ../../MVVM/Observable.swift; sourceTree = "<group>"; };
		9C70D7A51F62F70200FD788C /* Info.plist */ = {isa = PBXFileReference; lastKnownFileType = text.plist.xml; path = Info.plist; sourceTree = "<group>"; };
		9C70D7A61F62F97A00FD788C /* ExampleGetConfiguration.swift */ = {isa = PBXFileReference; lastKnownFileType = sourcecode.swift; path = ExampleGetConfiguration.swift; sourceTree = "<group>"; };
		9C70D7AB1F62FE3E00FD788C /* MainTableViewCell.swift */ = {isa = PBXFileReference; lastKnownFileType = sourcecode.swift; path = MainTableViewCell.swift; sourceTree = "<group>"; };
		9CBD98441F853B7300EA9C93 /* MainTabModule.swift */ = {isa = PBXFileReference; lastKnownFileType = sourcecode.swift; path = MainTabModule.swift; sourceTree = "<group>"; };
		9CBD98461F853ECB00EA9C93 /* SecondViewModel.swift */ = {isa = PBXFileReference; lastKnownFileType = sourcecode.swift; path = SecondViewModel.swift; sourceTree = "<group>"; };
		9CC932BE1F77CEAC004254E6 /* MainTabCoordinator.swift */ = {isa = PBXFileReference; lastKnownFileType = sourcecode.swift; path = MainTabCoordinator.swift; sourceTree = "<group>"; };
		9CC932C01F77D0F9004254E6 /* AppCoordinator.swift */ = {isa = PBXFileReference; lastKnownFileType = sourcecode.swift; path = AppCoordinator.swift; sourceTree = "<group>"; };
		9CC932C31F77D12D004254E6 /* CoordinatorProtocol.swift */ = {isa = PBXFileReference; lastKnownFileType = sourcecode.swift; name = CoordinatorProtocol.swift; path = ../MVVM/Coodinator/CoordinatorProtocol.swift; sourceTree = "<group>"; };
		9CC932C71F77D4F4004254E6 /* Storyboard+Extensions.swift */ = {isa = PBXFileReference; lastKnownFileType = sourcecode.swift; name = "Storyboard+Extensions.swift"; path = "../MVVM/Coodinator/Storyboard+Extensions.swift"; sourceTree = "<group>"; };
		9CC932CA1F77DC5F004254E6 /* SecondViewController.swift */ = {isa = PBXFileReference; lastKnownFileType = sourcecode.swift; path = SecondViewController.swift; sourceTree = "<group>"; };
		9CC9330E1F7813C8004254E6 /* TabCoordinator.swift */ = {isa = PBXFileReference; lastKnownFileType = sourcecode.swift; name = TabCoordinator.swift; path = ../MVVM/Coodinator/TabCoordinator.swift; sourceTree = "<group>"; };
		9CC933111F781A77004254E6 /* Purchase.storyboard */ = {isa = PBXFileReference; lastKnownFileType = file.storyboard; path = Purchase.storyboard; sourceTree = "<group>"; };
		9CC933141F781A9D004254E6 /* SelectItemViewModel.swift */ = {isa = PBXFileReference; lastKnownFileType = sourcecode.swift; path = SelectItemViewModel.swift; sourceTree = "<group>"; };
		9CC933161F781AA4004254E6 /* SelectItemViewController.swift */ = {isa = PBXFileReference; lastKnownFileType = sourcecode.swift; path = SelectItemViewController.swift; sourceTree = "<group>"; };
		9CC933181F781ADE004254E6 /* PurchaseTabCoordinator.swift */ = {isa = PBXFileReference; lastKnownFileType = sourcecode.swift; path = PurchaseTabCoordinator.swift; sourceTree = "<group>"; };
/* End PBXFileReference section */

/* Begin PBXFrameworksBuildPhase section */
		9C6B5F7A1F62F4980059EB36 /* Frameworks */ = {
			isa = PBXFrameworksBuildPhase;
			buildActionMask = 2147483647;
			files = (
			);
			runOnlyForDeploymentPostprocessing = 0;
		};
		9C6B5F911F62F4980059EB36 /* Frameworks */ = {
			isa = PBXFrameworksBuildPhase;
			buildActionMask = 2147483647;
			files = (
			);
			runOnlyForDeploymentPostprocessing = 0;
		};
		9C6B5F9C1F62F4990059EB36 /* Frameworks */ = {
			isa = PBXFrameworksBuildPhase;
			buildActionMask = 2147483647;
			files = (
			);
			runOnlyForDeploymentPostprocessing = 0;
		};
/* End PBXFrameworksBuildPhase section */

/* Begin PBXGroup section */
		9C32C1981F7D512300A4B511 /* MVVM */ = {
			isa = PBXGroup;
			children = (
				9CC932C21F77D11C004254E6 /* Coodinator */,
				9C70D79F1F62F5C800FD788C /* Observable.swift */,
			);
			name = MVVM;
			path = Coodinator/MVVM;
			sourceTree = "<group>";
		};
		9C6B5F741F62F4980059EB36 = {
			isa = PBXGroup;
			children = (
				9C6B5F7F1F62F4980059EB36 /* iOSTemplateApp */,
				9C6B5F971F62F4990059EB36 /* iOSTemplateAppTests */,
				9C6B5FA21F62F4990059EB36 /* iOSTemplateAppUITests */,
				9C6B5F7E1F62F4980059EB36 /* Products */,
			);
			sourceTree = "<group>";
		};
		9C6B5F7E1F62F4980059EB36 /* Products */ = {
			isa = PBXGroup;
			children = (
				9C6B5F7D1F62F4980059EB36 /* iOSTemplateApp.app */,
				9C6B5F941F62F4980059EB36 /* iOSTemplateAppTests.xctest */,
				9C6B5F9F1F62F4990059EB36 /* iOSTemplateAppUITests.xctest */,
			);
			name = Products;
			sourceTree = "<group>";
		};
		9C6B5F7F1F62F4980059EB36 /* iOSTemplateApp */ = {
			isa = PBXGroup;
			children = (
				9C6B5FB11F62F4A00059EB36 /* Data */,
				9C6B5FB71F62F4FB0059EB36 /* UI */,
				9C6B5FBC1F62F52E0059EB36 /* Utils */,
				9C6B5F801F62F4980059EB36 /* AppDelegate.swift */,
				9CC932C01F77D0F9004254E6 /* AppCoordinator.swift */,
				9C70D7A51F62F70200FD788C /* Info.plist */,
			);
			path = iOSTemplateApp;
			sourceTree = "<group>";
		};
		9C6B5F971F62F4990059EB36 /* iOSTemplateAppTests */ = {
			isa = PBXGroup;
			children = (
				9C6B5F981F62F4990059EB36 /* iOSTemplateAppTests.swift */,
				9C6B5F9A1F62F4990059EB36 /* Info.plist */,
			);
			path = iOSTemplateAppTests;
			sourceTree = "<group>";
		};
		9C6B5FA21F62F4990059EB36 /* iOSTemplateAppUITests */ = {
			isa = PBXGroup;
			children = (
				9C6B5FA31F62F4990059EB36 /* iOSTemplateAppUITests.swift */,
				9C6B5FA51F62F4990059EB36 /* Info.plist */,
			);
			path = iOSTemplateAppUITests;
			sourceTree = "<group>";
		};
		9C6B5FB11F62F4A00059EB36 /* Data */ = {
			isa = PBXGroup;
			children = (
				9C6B5FB31F62F4AE0059EB36 /* Model */,
				9C6B5FB21F62F4A70059EB36 /* Web Services */,
			);
			path = Data;
			sourceTree = "<group>";
		};
		9C6B5FB21F62F4A70059EB36 /* Web Services */ = {
			isa = PBXGroup;
			children = (
				9C6B5FB41F62F4B10059EB36 /* Configurations */,
				9C6B5FB61F62F4C50059EB36 /* WebServiceConfiguration.swift */,
			);
			path = "Web Services";
			sourceTree = "<group>";
		};
		9C6B5FB31F62F4AE0059EB36 /* Model */ = {
			isa = PBXGroup;
			children = (
				9C6B5F871F62F4980059EB36 /* iOSTemplateApp.xcdatamodeld */,
			);
			path = Model;
			sourceTree = "<group>";
		};
		9C6B5FB41F62F4B10059EB36 /* Configurations */ = {
			isa = PBXGroup;
			children = (
				9C70D7A61F62F97A00FD788C /* ExampleGetConfiguration.swift */,
			);
			path = Configurations;
			sourceTree = "<group>";
		};
		9C6B5FB71F62F4FB0059EB36 /* UI */ = {
			isa = PBXGroup;
			children = (
				9C6B5FB81F62F4FF0059EB36 /* Views */,
				9C6B5FB91F62F5050059EB36 /* Tabs */,
			);
			path = UI;
			sourceTree = "<group>";
		};
		9C6B5FB81F62F4FF0059EB36 /* Views */ = {
			isa = PBXGroup;
			children = (
				9C70D7AA1F62FE1F00FD788C /* TableView Cells */,
			);
			path = Views;
			sourceTree = "<group>";
		};
		9C6B5FB91F62F5050059EB36 /* Tabs */ = {
			isa = PBXGroup;
			children = (
				9CC932CC1F77DF41004254E6 /* MainTab */,
				9CC933101F781915004254E6 /* PurchaseTab */,
			);
			path = Tabs;
			sourceTree = "<group>";
		};
		9C6B5FBB1F62F51F0059EB36 /* MainViewController */ = {
			isa = PBXGroup;
			children = (
				9C6B5F821F62F4980059EB36 /* MainViewController.swift */,
				9C70D79D1F62F57C00FD788C /* MainViewModel.swift */,
			);
			path = MainViewController;
			sourceTree = "<group>";
		};
		9C6B5FBC1F62F52E0059EB36 /* Utils */ = {
			isa = PBXGroup;
			children = (
				9C32C1981F7D512300A4B511 /* MVVM */,
				9C6B5F8A1F62F4980059EB36 /* Assets.xcassets */,
				9C6B5F8C1F62F4980059EB36 /* LaunchScreen.storyboard */,
			);
			path = Utils;
			sourceTree = "<group>";
		};
		9C70D7AA1F62FE1F00FD788C /* TableView Cells */ = {
			isa = PBXGroup;
			children = (
				9C70D7AB1F62FE3E00FD788C /* MainTableViewCell.swift */,
			);
			path = "TableView Cells";
			sourceTree = "<group>";
		};
		9CC932C21F77D11C004254E6 /* Coodinator */ = {
			isa = PBXGroup;
			children = (
				9CC932C31F77D12D004254E6 /* CoordinatorProtocol.swift */,
				9CC932C71F77D4F4004254E6 /* Storyboard+Extensions.swift */,
				9CC9330E1F7813C8004254E6 /* TabCoordinator.swift */,
				9C0040861F851EA1009B985E /* Injectable.swift */,
			);
			name = Coodinator;
			path = ..;
			sourceTree = "<group>";
		};
		9CC932C91F77DC50004254E6 /* SecondViewController */ = {
			isa = PBXGroup;
			children = (
				9CC932CA1F77DC5F004254E6 /* SecondViewController.swift */,
				9CBD98461F853ECB00EA9C93 /* SecondViewModel.swift */,
			);
			path = SecondViewController;
			sourceTree = "<group>";
		};
		9CC932CC1F77DF41004254E6 /* MainTab */ = {
			isa = PBXGroup;
			children = (
				9C6B5F841F62F4980059EB36 /* Main.storyboard */,
				9CC932BE1F77CEAC004254E6 /* MainTabCoordinator.swift */,
				9CBD98441F853B7300EA9C93 /* MainTabModule.swift */,
				9CD5467D1F79215A00AB3D7C /* View Controllers */,
			);
			path = MainTab;
			sourceTree = "<group>";
		};
		9CC933101F781915004254E6 /* PurchaseTab */ = {
			isa = PBXGroup;
			children = (
				9CC933111F781A77004254E6 /* Purchase.storyboard */,
				9CC933181F781ADE004254E6 /* PurchaseTabCoordinator.swift */,
				9CD5467C1F79214E00AB3D7C /* View Controllers */,
			);
			path = PurchaseTab;
			sourceTree = "<group>";
		};
		9CC933131F781A85004254E6 /* SelectItemViewController */ = {
			isa = PBXGroup;
			children = (
				9CC933141F781A9D004254E6 /* SelectItemViewModel.swift */,
				9CC933161F781AA4004254E6 /* SelectItemViewController.swift */,
			);
			path = SelectItemViewController;
			sourceTree = "<group>";
		};
		9CD5467C1F79214E00AB3D7C /* View Controllers */ = {
			isa = PBXGroup;
			children = (
				9CC933131F781A85004254E6 /* SelectItemViewController */,
			);
			path = "View Controllers";
			sourceTree = "<group>";
		};
		9CD5467D1F79215A00AB3D7C /* View Controllers */ = {
			isa = PBXGroup;
			children = (
				9C6B5FBB1F62F51F0059EB36 /* MainViewController */,
				9CC932C91F77DC50004254E6 /* SecondViewController */,
			);
			path = "View Controllers";
			sourceTree = "<group>";
		};
/* End PBXGroup section */

/* Begin PBXNativeTarget section */
		9C6B5F7C1F62F4980059EB36 /* iOSTemplateApp */ = {
			isa = PBXNativeTarget;
			buildConfigurationList = 9C6B5FA81F62F4990059EB36 /* Build configuration list for PBXNativeTarget "iOSTemplateApp" */;
			buildPhases = (
				9C6B5F791F62F4980059EB36 /* Sources */,
				9C6B5F7A1F62F4980059EB36 /* Frameworks */,
				9C6B5F7B1F62F4980059EB36 /* Resources */,
			);
			buildRules = (
			);
			dependencies = (
			);
			name = iOSTemplateApp;
			productName = iOSTemplateApp;
			productReference = 9C6B5F7D1F62F4980059EB36 /* iOSTemplateApp.app */;
			productType = "com.apple.product-type.application";
		};
		9C6B5F931F62F4980059EB36 /* iOSTemplateAppTests */ = {
			isa = PBXNativeTarget;
			buildConfigurationList = 9C6B5FAB1F62F4990059EB36 /* Build configuration list for PBXNativeTarget "iOSTemplateAppTests" */;
			buildPhases = (
				9C6B5F901F62F4980059EB36 /* Sources */,
				9C6B5F911F62F4980059EB36 /* Frameworks */,
				9C6B5F921F62F4980059EB36 /* Resources */,
			);
			buildRules = (
			);
			dependencies = (
				9C6B5F961F62F4980059EB36 /* PBXTargetDependency */,
			);
			name = iOSTemplateAppTests;
			productName = iOSTemplateAppTests;
			productReference = 9C6B5F941F62F4980059EB36 /* iOSTemplateAppTests.xctest */;
			productType = "com.apple.product-type.bundle.unit-test";
		};
		9C6B5F9E1F62F4990059EB36 /* iOSTemplateAppUITests */ = {
			isa = PBXNativeTarget;
			buildConfigurationList = 9C6B5FAE1F62F4990059EB36 /* Build configuration list for PBXNativeTarget "iOSTemplateAppUITests" */;
			buildPhases = (
				9C6B5F9B1F62F4990059EB36 /* Sources */,
				9C6B5F9C1F62F4990059EB36 /* Frameworks */,
				9C6B5F9D1F62F4990059EB36 /* Resources */,
			);
			buildRules = (
			);
			dependencies = (
				9C6B5FA11F62F4990059EB36 /* PBXTargetDependency */,
			);
			name = iOSTemplateAppUITests;
			productName = iOSTemplateAppUITests;
			productReference = 9C6B5F9F1F62F4990059EB36 /* iOSTemplateAppUITests.xctest */;
			productType = "com.apple.product-type.bundle.ui-testing";
		};
/* End PBXNativeTarget section */

/* Begin PBXProject section */
		9C6B5F751F62F4980059EB36 /* Project object */ = {
			isa = PBXProject;
			attributes = {
				LastSwiftUpdateCheck = 0900;
				LastUpgradeCheck = 0900;
				ORGANIZATIONNAME = Mubaloo;
				TargetAttributes = {
					9C6B5F7C1F62F4980059EB36 = {
						CreatedOnToolsVersion = 9.0;
					};
					9C6B5F931F62F4980059EB36 = {
						CreatedOnToolsVersion = 9.0;
						TestTargetID = 9C6B5F7C1F62F4980059EB36;
					};
					9C6B5F9E1F62F4990059EB36 = {
						CreatedOnToolsVersion = 9.0;
						TestTargetID = 9C6B5F7C1F62F4980059EB36;
					};
				};
			};
			buildConfigurationList = 9C6B5F781F62F4980059EB36 /* Build configuration list for PBXProject "iOSTemplateApp" */;
			compatibilityVersion = "Xcode 8.0";
			developmentRegion = en;
			hasScannedForEncodings = 0;
			knownRegions = (
				en,
				Base,
			);
			mainGroup = 9C6B5F741F62F4980059EB36;
			productRefGroup = 9C6B5F7E1F62F4980059EB36 /* Products */;
			projectDirPath = "";
			projectRoot = "";
			targets = (
				9C6B5F7C1F62F4980059EB36 /* iOSTemplateApp */,
				9C6B5F931F62F4980059EB36 /* iOSTemplateAppTests */,
				9C6B5F9E1F62F4990059EB36 /* iOSTemplateAppUITests */,
			);
		};
/* End PBXProject section */

/* Begin PBXResourcesBuildPhase section */
		9C6B5F7B1F62F4980059EB36 /* Resources */ = {
			isa = PBXResourcesBuildPhase;
			buildActionMask = 2147483647;
			files = (
				9C6B5F8E1F62F4980059EB36 /* LaunchScreen.storyboard in Resources */,
				9CC933121F781A77004254E6 /* Purchase.storyboard in Resources */,
				9C6B5F8B1F62F4980059EB36 /* Assets.xcassets in Resources */,
				9C6B5F861F62F4980059EB36 /* Main.storyboard in Resources */,
			);
			runOnlyForDeploymentPostprocessing = 0;
		};
		9C6B5F921F62F4980059EB36 /* Resources */ = {
			isa = PBXResourcesBuildPhase;
			buildActionMask = 2147483647;
			files = (
			);
			runOnlyForDeploymentPostprocessing = 0;
		};
		9C6B5F9D1F62F4990059EB36 /* Resources */ = {
			isa = PBXResourcesBuildPhase;
			buildActionMask = 2147483647;
			files = (
			);
			runOnlyForDeploymentPostprocessing = 0;
		};
/* End PBXResourcesBuildPhase section */

/* Begin PBXSourcesBuildPhase section */
		9C6B5F791F62F4980059EB36 /* Sources */ = {
			isa = PBXSourcesBuildPhase;
			buildActionMask = 2147483647;
			files = (
				9C6B5F891F62F4980059EB36 /* iOSTemplateApp.xcdatamodeld in Sources */,
				9C70D7AC1F62FE3E00FD788C /* MainTableViewCell.swift in Sources */,
				9CC932C11F77D0F9004254E6 /* AppCoordinator.swift in Sources */,
				9C70D7A81F62FA1500FD788C /* WebServiceConfiguration.swift in Sources */,
				9CC932CB1F77DC5F004254E6 /* SecondViewController.swift in Sources */,
				9C6B5F831F62F4980059EB36 /* MainViewController.swift in Sources */,
				9CC932C81F77D4F4004254E6 /* Storyboard+Extensions.swift in Sources */,
				9CC933171F781AA4004254E6 /* SelectItemViewController.swift in Sources */,
				9CBD98471F853ECB00EA9C93 /* SecondViewModel.swift in Sources */,
				9C6B5F811F62F4980059EB36 /* AppDelegate.swift in Sources */,
				9CC9330F1F7813C8004254E6 /* TabCoordinator.swift in Sources */,
				9CC932C41F77D12D004254E6 /* CoordinatorProtocol.swift in Sources */,
				9CC933151F781A9D004254E6 /* SelectItemViewModel.swift in Sources */,
				9CC932BF1F77CEAC004254E6 /* MainTabCoordinator.swift in Sources */,
				9C70D79E1F62F57C00FD788C /* MainViewModel.swift in Sources */,
				9CC933191F781ADE004254E6 /* PurchaseTabCoordinator.swift in Sources */,
				9C70D7A71F62F97A00FD788C /* ExampleGetConfiguration.swift in Sources */,
				9CBD98451F853B7300EA9C93 /* MainTabModule.swift in Sources */,
				9C0040871F851EA1009B985E /* Injectable.swift in Sources */,
				9C70D7A01F62F5C800FD788C /* Observable.swift in Sources */,
			);
			runOnlyForDeploymentPostprocessing = 0;
		};
		9C6B5F901F62F4980059EB36 /* Sources */ = {
			isa = PBXSourcesBuildPhase;
			buildActionMask = 2147483647;
			files = (
				9C6B5F991F62F4990059EB36 /* iOSTemplateAppTests.swift in Sources */,
			);
			runOnlyForDeploymentPostprocessing = 0;
		};
		9C6B5F9B1F62F4990059EB36 /* Sources */ = {
			isa = PBXSourcesBuildPhase;
			buildActionMask = 2147483647;
			files = (
				9C6B5FA41F62F4990059EB36 /* iOSTemplateAppUITests.swift in Sources */,
			);
			runOnlyForDeploymentPostprocessing = 0;
		};
/* End PBXSourcesBuildPhase section */

/* Begin PBXTargetDependency section */
		9C6B5F961F62F4980059EB36 /* PBXTargetDependency */ = {
			isa = PBXTargetDependency;
			target = 9C6B5F7C1F62F4980059EB36 /* iOSTemplateApp */;
			targetProxy = 9C6B5F951F62F4980059EB36 /* PBXContainerItemProxy */;
		};
		9C6B5FA11F62F4990059EB36 /* PBXTargetDependency */ = {
			isa = PBXTargetDependency;
			target = 9C6B5F7C1F62F4980059EB36 /* iOSTemplateApp */;
			targetProxy = 9C6B5FA01F62F4990059EB36 /* PBXContainerItemProxy */;
		};
/* End PBXTargetDependency section */

/* Begin PBXVariantGroup section */
		9C6B5F841F62F4980059EB36 /* Main.storyboard */ = {
			isa = PBXVariantGroup;
			children = (
				9C6B5F851F62F4980059EB36 /* Base */,
			);
			name = Main.storyboard;
			sourceTree = "<group>";
		};
		9C6B5F8C1F62F4980059EB36 /* LaunchScreen.storyboard */ = {
			isa = PBXVariantGroup;
			children = (
				9C6B5F8D1F62F4980059EB36 /* Base */,
			);
			name = LaunchScreen.storyboard;
			sourceTree = "<group>";
		};
/* End PBXVariantGroup section */

/* Begin XCBuildConfiguration section */
		9C6B5FA61F62F4990059EB36 /* Debug */ = {
			isa = XCBuildConfiguration;
			buildSettings = {
				ALWAYS_SEARCH_USER_PATHS = NO;
				CLANG_ANALYZER_NONNULL = YES;
				CLANG_ANALYZER_NUMBER_OBJECT_CONVERSION = YES_AGGRESSIVE;
				CLANG_CXX_LANGUAGE_STANDARD = "gnu++14";
				CLANG_CXX_LIBRARY = "libc++";
				CLANG_ENABLE_MODULES = YES;
				CLANG_ENABLE_OBJC_ARC = YES;
				CLANG_WARN_BLOCK_CAPTURE_AUTORELEASING = YES;
				CLANG_WARN_BOOL_CONVERSION = YES;
				CLANG_WARN_COMMA = YES;
				CLANG_WARN_CONSTANT_CONVERSION = YES;
				CLANG_WARN_DIRECT_OBJC_ISA_USAGE = YES_ERROR;
				CLANG_WARN_DOCUMENTATION_COMMENTS = YES;
				CLANG_WARN_EMPTY_BODY = YES;
				CLANG_WARN_ENUM_CONVERSION = YES;
				CLANG_WARN_INFINITE_RECURSION = YES;
				CLANG_WARN_INT_CONVERSION = YES;
				CLANG_WARN_NON_LITERAL_NULL_CONVERSION = YES;
				CLANG_WARN_OBJC_LITERAL_CONVERSION = YES;
				CLANG_WARN_OBJC_ROOT_CLASS = YES_ERROR;
				CLANG_WARN_RANGE_LOOP_ANALYSIS = YES;
				CLANG_WARN_STRICT_PROTOTYPES = YES;
				CLANG_WARN_SUSPICIOUS_MOVE = YES;
				CLANG_WARN_UNGUARDED_AVAILABILITY = YES_AGGRESSIVE;
				CLANG_WARN_UNREACHABLE_CODE = YES;
				CLANG_WARN__DUPLICATE_METHOD_MATCH = YES;
				CODE_SIGN_IDENTITY = "iPhone Developer";
				COPY_PHASE_STRIP = NO;
				DEBUG_INFORMATION_FORMAT = dwarf;
				ENABLE_STRICT_OBJC_MSGSEND = YES;
				ENABLE_TESTABILITY = YES;
				GCC_C_LANGUAGE_STANDARD = gnu11;
				GCC_DYNAMIC_NO_PIC = NO;
				GCC_NO_COMMON_BLOCKS = YES;
				GCC_OPTIMIZATION_LEVEL = 0;
				GCC_PREPROCESSOR_DEFINITIONS = (
					"DEBUG=1",
					"$(inherited)",
				);
				GCC_WARN_64_TO_32_BIT_CONVERSION = YES;
				GCC_WARN_ABOUT_RETURN_TYPE = YES_ERROR;
				GCC_WARN_UNDECLARED_SELECTOR = YES;
				GCC_WARN_UNINITIALIZED_AUTOS = YES_AGGRESSIVE;
				GCC_WARN_UNUSED_FUNCTION = YES;
				GCC_WARN_UNUSED_VARIABLE = YES;
				IPHONEOS_DEPLOYMENT_TARGET = 11.0;
				MTL_ENABLE_DEBUG_INFO = YES;
				ONLY_ACTIVE_ARCH = YES;
				SDKROOT = iphoneos;
				SWIFT_ACTIVE_COMPILATION_CONDITIONS = DEBUG;
				SWIFT_OPTIMIZATION_LEVEL = "-Onone";
			};
			name = Debug;
		};
		9C6B5FA71F62F4990059EB36 /* Release */ = {
			isa = XCBuildConfiguration;
			buildSettings = {
				ALWAYS_SEARCH_USER_PATHS = NO;
				CLANG_ANALYZER_NONNULL = YES;
				CLANG_ANALYZER_NUMBER_OBJECT_CONVERSION = YES_AGGRESSIVE;
				CLANG_CXX_LANGUAGE_STANDARD = "gnu++14";
				CLANG_CXX_LIBRARY = "libc++";
				CLANG_ENABLE_MODULES = YES;
				CLANG_ENABLE_OBJC_ARC = YES;
				CLANG_WARN_BLOCK_CAPTURE_AUTORELEASING = YES;
				CLANG_WARN_BOOL_CONVERSION = YES;
				CLANG_WARN_COMMA = YES;
				CLANG_WARN_CONSTANT_CONVERSION = YES;
				CLANG_WARN_DIRECT_OBJC_ISA_USAGE = YES_ERROR;
				CLANG_WARN_DOCUMENTATION_COMMENTS = YES;
				CLANG_WARN_EMPTY_BODY = YES;
				CLANG_WARN_ENUM_CONVERSION = YES;
				CLANG_WARN_INFINITE_RECURSION = YES;
				CLANG_WARN_INT_CONVERSION = YES;
				CLANG_WARN_NON_LITERAL_NULL_CONVERSION = YES;
				CLANG_WARN_OBJC_LITERAL_CONVERSION = YES;
				CLANG_WARN_OBJC_ROOT_CLASS = YES_ERROR;
				CLANG_WARN_RANGE_LOOP_ANALYSIS = YES;
				CLANG_WARN_STRICT_PROTOTYPES = YES;
				CLANG_WARN_SUSPICIOUS_MOVE = YES;
				CLANG_WARN_UNGUARDED_AVAILABILITY = YES_AGGRESSIVE;
				CLANG_WARN_UNREACHABLE_CODE = YES;
				CLANG_WARN__DUPLICATE_METHOD_MATCH = YES;
				CODE_SIGN_IDENTITY = "iPhone Developer";
				COPY_PHASE_STRIP = NO;
				DEBUG_INFORMATION_FORMAT = "dwarf-with-dsym";
				ENABLE_NS_ASSERTIONS = NO;
				ENABLE_STRICT_OBJC_MSGSEND = YES;
				GCC_C_LANGUAGE_STANDARD = gnu11;
				GCC_NO_COMMON_BLOCKS = YES;
				GCC_WARN_64_TO_32_BIT_CONVERSION = YES;
				GCC_WARN_ABOUT_RETURN_TYPE = YES_ERROR;
				GCC_WARN_UNDECLARED_SELECTOR = YES;
				GCC_WARN_UNINITIALIZED_AUTOS = YES_AGGRESSIVE;
				GCC_WARN_UNUSED_FUNCTION = YES;
				GCC_WARN_UNUSED_VARIABLE = YES;
				IPHONEOS_DEPLOYMENT_TARGET = 11.0;
				MTL_ENABLE_DEBUG_INFO = NO;
				SDKROOT = iphoneos;
				SWIFT_OPTIMIZATION_LEVEL = "-Owholemodule";
				VALIDATE_PRODUCT = YES;
			};
			name = Release;
		};
		9C6B5FA91F62F4990059EB36 /* Debug */ = {
			isa = XCBuildConfiguration;
			buildSettings = {
				ASSETCATALOG_COMPILER_APPICON_NAME = AppIcon;
				DEVELOPMENT_TEAM = 84G9FJR5U9;
				INFOPLIST_FILE = iOSTemplateApp/Info.plist;
				IPHONEOS_DEPLOYMENT_TARGET = 10.0;
				LD_RUNPATH_SEARCH_PATHS = "$(inherited) @executable_path/Frameworks";
				PRODUCT_BUNDLE_IDENTIFIER = com.mubaloo.iOSTemplateApp;
				PRODUCT_NAME = "$(TARGET_NAME)";
				SWIFT_VERSION = 4.0;
				TARGETED_DEVICE_FAMILY = "1,2";
			};
			name = Debug;
		};
		9C6B5FAA1F62F4990059EB36 /* Release */ = {
			isa = XCBuildConfiguration;
			buildSettings = {
				ASSETCATALOG_COMPILER_APPICON_NAME = AppIcon;
				DEVELOPMENT_TEAM = 84G9FJR5U9;
				INFOPLIST_FILE = iOSTemplateApp/Info.plist;
				IPHONEOS_DEPLOYMENT_TARGET = 10.0;
				LD_RUNPATH_SEARCH_PATHS = "$(inherited) @executable_path/Frameworks";
				PRODUCT_BUNDLE_IDENTIFIER = com.mubaloo.iOSTemplateApp;
				PRODUCT_NAME = "$(TARGET_NAME)";
				SWIFT_VERSION = 4.0;
				TARGETED_DEVICE_FAMILY = "1,2";
			};
			name = Release;
		};
		9C6B5FAC1F62F4990059EB36 /* Debug */ = {
			isa = XCBuildConfiguration;
			buildSettings = {
				ALWAYS_EMBED_SWIFT_STANDARD_LIBRARIES = YES;
				BUNDLE_LOADER = "$(TEST_HOST)";
				DEVELOPMENT_TEAM = 84G9FJR5U9;
				INFOPLIST_FILE = iOSTemplateAppTests/Info.plist;
				LD_RUNPATH_SEARCH_PATHS = "$(inherited) @executable_path/Frameworks @loader_path/Frameworks";
				PRODUCT_BUNDLE_IDENTIFIER = com.mubaloo.iOSTemplateAppTests;
				PRODUCT_NAME = "$(TARGET_NAME)";
				SWIFT_VERSION = 4.0;
				TARGETED_DEVICE_FAMILY = "1,2";
				TEST_HOST = "$(BUILT_PRODUCTS_DIR)/iOSTemplateApp.app/iOSTemplateApp";
			};
			name = Debug;
		};
		9C6B5FAD1F62F4990059EB36 /* Release */ = {
			isa = XCBuildConfiguration;
			buildSettings = {
				ALWAYS_EMBED_SWIFT_STANDARD_LIBRARIES = YES;
				BUNDLE_LOADER = "$(TEST_HOST)";
				DEVELOPMENT_TEAM = 84G9FJR5U9;
				INFOPLIST_FILE = iOSTemplateAppTests/Info.plist;
				LD_RUNPATH_SEARCH_PATHS = "$(inherited) @executable_path/Frameworks @loader_path/Frameworks";
				PRODUCT_BUNDLE_IDENTIFIER = com.mubaloo.iOSTemplateAppTests;
				PRODUCT_NAME = "$(TARGET_NAME)";
				SWIFT_VERSION = 4.0;
				TARGETED_DEVICE_FAMILY = "1,2";
				TEST_HOST = "$(BUILT_PRODUCTS_DIR)/iOSTemplateApp.app/iOSTemplateApp";
			};
			name = Release;
		};
		9C6B5FAF1F62F4990059EB36 /* Debug */ = {
			isa = XCBuildConfiguration;
			buildSettings = {
				ALWAYS_EMBED_SWIFT_STANDARD_LIBRARIES = YES;
				DEVELOPMENT_TEAM = 84G9FJR5U9;
				INFOPLIST_FILE = iOSTemplateAppUITests/Info.plist;
				LD_RUNPATH_SEARCH_PATHS = "$(inherited) @executable_path/Frameworks @loader_path/Frameworks";
				PRODUCT_BUNDLE_IDENTIFIER = com.mubaloo.iOSTemplateAppUITests;
				PRODUCT_NAME = "$(TARGET_NAME)";
				SWIFT_VERSION = 4.0;
				TARGETED_DEVICE_FAMILY = "1,2";
				TEST_TARGET_NAME = iOSTemplateApp;
			};
			name = Debug;
		};
		9C6B5FB01F62F4990059EB36 /* Release */ = {
			isa = XCBuildConfiguration;
			buildSettings = {
				ALWAYS_EMBED_SWIFT_STANDARD_LIBRARIES = YES;
				DEVELOPMENT_TEAM = 84G9FJR5U9;
				INFOPLIST_FILE = iOSTemplateAppUITests/Info.plist;
				LD_RUNPATH_SEARCH_PATHS = "$(inherited) @executable_path/Frameworks @loader_path/Frameworks";
				PRODUCT_BUNDLE_IDENTIFIER = com.mubaloo.iOSTemplateAppUITests;
				PRODUCT_NAME = "$(TARGET_NAME)";
				SWIFT_VERSION = 4.0;
				TARGETED_DEVICE_FAMILY = "1,2";
				TEST_TARGET_NAME = iOSTemplateApp;
			};
			name = Release;
		};
/* End XCBuildConfiguration section */

/* Begin XCConfigurationList section */
		9C6B5F781F62F4980059EB36 /* Build configuration list for PBXProject "iOSTemplateApp" */ = {
			isa = XCConfigurationList;
			buildConfigurations = (
				9C6B5FA61F62F4990059EB36 /* Debug */,
				9C6B5FA71F62F4990059EB36 /* Release */,
			);
			defaultConfigurationIsVisible = 0;
			defaultConfigurationName = Release;
		};
		9C6B5FA81F62F4990059EB36 /* Build configuration list for PBXNativeTarget "iOSTemplateApp" */ = {
			isa = XCConfigurationList;
			buildConfigurations = (
				9C6B5FA91F62F4990059EB36 /* Debug */,
				9C6B5FAA1F62F4990059EB36 /* Release */,
			);
			defaultConfigurationIsVisible = 0;
			defaultConfigurationName = Release;
		};
		9C6B5FAB1F62F4990059EB36 /* Build configuration list for PBXNativeTarget "iOSTemplateAppTests" */ = {
			isa = XCConfigurationList;
			buildConfigurations = (
				9C6B5FAC1F62F4990059EB36 /* Debug */,
				9C6B5FAD1F62F4990059EB36 /* Release */,
			);
			defaultConfigurationIsVisible = 0;
			defaultConfigurationName = Release;
		};
		9C6B5FAE1F62F4990059EB36 /* Build configuration list for PBXNativeTarget "iOSTemplateAppUITests" */ = {
			isa = XCConfigurationList;
			buildConfigurations = (
				9C6B5FAF1F62F4990059EB36 /* Debug */,
				9C6B5FB01F62F4990059EB36 /* Release */,
			);
			defaultConfigurationIsVisible = 0;
			defaultConfigurationName = Release;
		};
/* End XCConfigurationList section */

/* Begin XCVersionGroup section */
		9C6B5F871F62F4980059EB36 /* iOSTemplateApp.xcdatamodeld */ = {
			isa = XCVersionGroup;
			children = (
				9C6B5F881F62F4980059EB36 /* iOSTemplateApp.xcdatamodel */,
			);
			currentVersion = 9C6B5F881F62F4980059EB36 /* iOSTemplateApp.xcdatamodel */;
			path = iOSTemplateApp.xcdatamodeld;
			sourceTree = "<group>";
			versionGroupType = wrapper.xcdatamodel;
		};
/* End XCVersionGroup section */
	};
	rootObject = 9C6B5F751F62F4980059EB36 /* Project object */;
}
